
Microsoft Visual Studio Solution File, Format Version 12.00
# Visual Studio Version 17
VisualStudioVersion = 17.8.34525.116
MinimumVisualStudioVersion = 10.0.40219.1
Project("{FAE04EC0-301F-11D3-BF4B-00C04F79EFBC}") = "SaveGamblingContactXAM.Android", "SaveGamblingContactXAM\SaveGamblingContactXAM.Android\SaveGamblingContactXAM.Android.csproj", "{F35D0904-1F2D-44A2-B8D3-901F3E59CDE4}"
EndProject
Project("{FAE04EC0-301F-11D3-BF4B-00C04F79EFBC}") = "SaveGamblingContactXAM", "SaveGamblingContactXAM\SaveGamblingContactXAM\SaveGamblingContactXAM.csproj", "{A470AC08-E38C-4761-AE6F-37066F463D10}"
EndProject
Global
	GlobalSection(SolutionConfigurationPlatforms) = preSolution
		Debug|Any CPU = Debug|Any CPU
		Release|Any CPU = Release|Any CPU
	EndGlobalSection
	GlobalSection(ProjectConfigurationPlatforms) = postSolution
		{F35D0904-1F2D-44A2-B8D3-901F3E59CDE4}.Debug|Any CPU.ActiveCfg = Debug|Any CPU
		{F35D0904-1F2D-44A2-B8D3-901F3E59CDE4}.Debug|Any CPU.Build.0 = Debug|Any CPU
		{F35D0904-1F2D-44A2-B8D3-901F3E59CDE4}.Debug|Any CPU.Deploy.0 = Debug|Any CPU
		{F35D0904-1F2D-44A2-B8D3-901F3E59CDE4}.Release|Any CPU.ActiveCfg = Release|Any CPU
		{F35D0904-1F2D-44A2-B8D3-901F3E59CDE4}.Release|Any CPU.Build.0 = Release|Any CPU
		{F35D0904-1F2D-44A2-B8D3-901F3E59CDE4}.Release|Any CPU.Deploy.0 = Release|Any CPU
		{A470AC08-E38C-4761-AE6F-37066F463D10}.Debug|Any CPU.ActiveCfg = Debug|Any CPU
		{A470AC08-E38C-4761-AE6F-37066F463D10}.Debug|Any CPU.Build.0 = Debug|Any CPU
		{A470AC08-E38C-4761-AE6F-37066F463D10}.Debug|Any CPU.Deploy.0 = Debug|Any CPU
		{A470AC08-E38C-4761-AE6F-37066F463D10}.Release|Any CPU.ActiveCfg = Release|Any CPU
		{A470AC08-E38C-4761-AE6F-37066F463D10}.Release|Any CPU.Build.0 = Release|Any CPU
		{A470AC08-E38C-4761-AE6F-37066F463D10}.Release|Any CPU.Deploy.0 = Release|Any CPU
	EndGlobalSection
	GlobalSection(SolutionProperties) = preSolution
		HideSolutionNode = FALSE
	EndGlobalSection
	GlobalSection(ExtensibilityGlobals) = postSolution
		SolutionGuid = {60C53043-0245-4127-8AD8-802EEA2236E2}
	EndGlobalSection
EndGlobal
